# This file is automatically @generated by Poetry 2.1.3 and should not be changed by hand.

[[package]]
name = "colorama"
version = "0.4.6"
description = "Cross-platform colored terminal text."
optional = false
python-versions = "!=3.0.*,!=3.1.*,!=3.2.*,!=3.3.*,!=3.4.*,!=3.5.*,!=3.6.*,>=2.7"
groups = ["main"]
markers = "sys_platform == \"win32\""
files = [
    {file = "colorama-0.4.6-py2.py3-none-any.whl", hash = "sha256:4f1d9991f5acc0ca119f9d443620b77f9d6b33703e51011c16baf57afb285fc6"},
    {file = "colorama-0.4.6.tar.gz", hash = "sha256:08695f5cb7ed6e0531a20572697297273c47b8cae5a63ffc6d6ed5c201be6e44"},
]

[[package]]
name = "exceptiongroup"
version = "1.3.0"
description = "Backport of PEP 654 (exception groups)"
optional = false
python-versions = ">=3.7"
groups = ["main"]
markers = "python_version == \"3.10\""
files = [
    {file = "exceptiongroup-1.3.0-py3-none-any.whl", hash = "sha256:4d111e6e0c13d0644cad6ddaa7ed0261a0b36971f6d23e7ec9b4b9097da78a10"},
    {file = "exceptiongroup-1.3.0.tar.gz", hash = "sha256:b241f5885f560bc56a59ee63ca4c6a8bfa46ae4ad651af316d4e81817bb9fd88"},
]

[package.dependencies]
typing-extensions = {version = ">=4.6.0", markers = "python_version < \"3.13\""}

[package.extras]
test = ["pytest (>=6)"]

[[package]]
name = "iniconfig"
version = "2.3.0"
description = "brain-dead simple config-ini parsing"
optional = false
python-versions = ">=3.10"
groups = ["main"]
files = [
    {file = "iniconfig-2.3.0-py3-none-any.whl", hash = "sha256:f631c04d2c48c52b84d0d0549c99ff3859c98df65b3101406327ecc7d53fbf12"},
    {file = "iniconfig-2.3.0.tar.gz", hash = "sha256:c76315c77db068650d49c5b56314774a7804df16fee4402c1f19d6d15d8c4730"},
]

[[package]]
name = "packaging"
version = "25.0"
description = "Core utilities for Python packages"
optional = false
python-versions = ">=3.8"
groups = ["main"]
files = [
    {file = "packaging-25.0-py3-none-any.whl", hash = "sha256:29572ef2b1f17581046b3a2227d5c611fb25ec70ca1ba8554b24b0e69331a484"},
    {file = "packaging-25.0.tar.gz", hash = "sha256:d443872c98d677bf60f6a1f2f8c1cb748e8fe762d2bf9d3148b5599295b0fc4f"},
]

[[package]]
name = "pluggy"
version = "1.6.0"
description = "plugin and hook calling mechanisms for python"
optional = false
python-versions = ">=3.9"
groups = ["main"]
files = [
    {file = "pluggy-1.6.0-py3-none-any.whl", hash = "sha256:e920276dd6813095e9377c0bc5566d94c932c33b27a3e3945d8389c374dd4746"},
    {file = "pluggy-1.6.0.tar.gz", hash = "sha256:7dcc130b76258d33b90f61b658791dede3486c3e6bfb003ee5c9bfb396dd22f3"},
]

[package.extras]
dev = ["pre-commit", "tox"]
testing = ["coverage", "pytest", "pytest-benchmark"]

[[package]]
name = "pygments"
version = "2.19.2"
description = "Pygments is a syntax highlighting package written in Python."
optional = false
python-versions = ">=3.8"
groups = ["main"]
files = [
    {file = "pygments-2.19.2-py3-none-any.whl", hash = "sha256:86540386c03d588bb81d44bc3928634ff26449851e99741617ecb9037ee5ec0b"},
    {file = "pygments-2.19.2.tar.gz", hash = "sha256:636cb2477cec7f8952536970bc533bc43743542f70392ae026374600add5b887"},
]

[package.extras]
windows-terminal = ["colorama (>=0.4.6)"]

[[package]]
name = "pytest"
version = "8.4.2"
description = "pytest: simple powerful testing with Python"
optional = false
python-versions = ">=3.9"
groups = ["main"]
files = [
    {file = "pytest-8.4.2-py3-none-any.whl", hash = "sha256:872f880de3fc3a5bdc88a11b39c9710c3497a547cfa9320bc3c5e62fbf272e79"},
    {file = "pytest-8.4.2.tar.gz", hash = "sha256:86c0d0b93306b961d58d62a4db4879f27fe25513d4b969df351abdddb3c30e01"},
]

[package.dependencies]
colorama = {version = ">=0.4", markers = "sys_platform == \"win32\""}
exceptiongroup = {version = ">=1", markers = "python_version < \"3.11\""}
iniconfig = ">=1"
packaging = ">=20"
pluggy = ">=1.5,<2"
pygments = ">=2.7.2"
tomli = {version = ">=1", markers = "python_version < \"3.11\""}

[package.extras]
dev = ["argcomplete", "attrs (>=19.2)", "hypothesis (>=3.56)", "mock", "requests", "setuptools", "xmlschema"]

[[package]]
name = "tomli"
version = "2.3.0"
description = "A lil' TOML parser"
optional = false
python-versions = ">=3.8"
groups = ["main"]
markers = "python_version == \"3.10\""
files = [
    {file = "tomli-2.3.0-cp311-cp311-macosx_10_9_x86_64.whl", hash = "sha256:88bd15eb972f3664f5ed4b57c1634a97153b4bac4479dcb6a495f41921eb7f45"},
    {file = "tomli-2.3.0-cp311-cp311-macosx_11_0_arm64.whl", hash = "sha256:883b1c0d6398a6a9d29b508c331fa56adbcdff647f6ace4dfca0f50e90dfd0ba"},
    {file = "tomli-2.3.0-cp311-cp311-manylinux2014_aarch64.manylinux_2_17_aarch64.manylinux_2_28_aarch64.whl", hash = "sha256:d1381caf13ab9f300e30dd8feadb3de072aeb86f1d34a8569453ff32a7dea4bf"},
    {file = "tomli-2.3.0-cp311-cp311-manylinux2014_x86_64.manylinux_2_17_x86_64.manylinux_2_28_x86_64.whl", hash = "sha256:a0e285d2649b78c0d9027570d4da3425bdb49830a6156121360b3f8511ea3441"},
    {file = "tomli-2.3.0-cp311-cp311-musllinux_1_2_aarch64.whl", hash = "sha256:0a154a9ae14bfcf5d8917a59b51ffd5a3ac1fd149b71b47a3a104ca4edcfa845"},
    {file = "tomli-2.3.0-cp311-cp311-musllinux_1_2_x86_64.whl", hash = "sha256:74bf8464ff93e413514fefd2be591c3b0b23231a77f901db1eb30d6f712fc42c"},
    {file = "tomli-2.3.0-cp311-cp311-win32.whl", hash = "sha256:00b5f5d95bbfc7d12f91ad8c593a1659b6387b43f054104cda404be6bda62456"},
    {file = "tomli-2.3.0-cp311-cp311-win_amd64.whl", hash = "sha256:4dc4ce8483a5d429ab602f111a93a6ab1ed425eae3122032db7e9acf449451be"},
    {file = "tomli-2.3.0-cp312-cp312-macosx_10_13_x86_64.whl", hash = "sha256:d7d86942e56ded512a594786a5ba0a5e521d02529b3826e7761a05138341a2ac"},
    {file = "tomli-2.3.0-cp312-cp312-macosx_11_0_arm64.whl", hash = "sha256:73ee0b47d4dad1c5e996e3cd33b8a76a50167ae5f96a2607cbe8cc773506ab22"},
    {file = "tomli-2.3.0-cp312-cp312-manylinux2014_aarch64.manylinux_2_17_aarch64.manylinux_2_28_aarch64.whl", hash = "sha256:792262b94d5d0a466afb5bc63c7daa9d75520110971ee269152083270998316f"},
    {file = "tomli-2.3.0-cp312-cp312-manylinux2014_x86_64.manylinux_2_17_x86_64.manylinux_2_28_x86_64.whl", hash = "sha256:4f195fe57ecceac95a66a75ac24d9d5fbc98ef0962e09b2eddec5d39375aae52"},
    {file = "tomli-2.3.0-cp312-cp312-musllinux_1_2_aarch64.whl", hash = "sha256:e31d432427dcbf4d86958c184b9bfd1e96b5b71f8eb17e6d02531f434fd335b8"},
    {file = "tomli-2.3.0-cp312-cp312-musllinux_1_2_x86_64.whl", hash = "sha256:7b0882799624980785240ab732537fcfc372601015c00f7fc367c55308c186f6"},
    {file = "tomli-2.3.0-cp312-cp312-win32.whl", hash = "sha256:ff72b71b5d10d22ecb084d345fc26f42b5143c5533db5e2eaba7d2d335358876"},
    {file = "tomli-2.3.0-cp312-cp312-win_amd64.whl", hash = "sha256:1cb4ed918939151a03f33d4242ccd0aa5f11b3547d0cf30f7c74a408a5b99878"},
    {file = "tomli-2.3.0-cp313-cp313-macosx_10_13_x86_64.whl", hash = "sha256:5192f562738228945d7b13d4930baffda67b69425a7f0da96d360b0a3888136b"},
    {file = "tomli-2.3.0-cp313-cp313-macosx_11_0_arm64.whl", hash = "sha256:be71c93a63d738597996be9528f4abe628d1adf5e6eb11607bc8fe1a510b5dae"},
    {file = "tomli-2.3.0-cp313-cp313-manylinux2014_aarch64.manylinux_2_17_aarch64.manylinux_2_28_aarch64.whl", hash = "sha256:c4665508bcbac83a31ff8ab08f424b665200c0e1e645d2bd9ab3d3e557b6185b"},
    {file = "tomli-2.3.0-cp313-cp313-manylinux2014_x86_64.manylinux_2_17_x86_64.manylinux_2_28_x86_64.whl", hash = "sha256:4021923f97266babc6ccab9f5068642a0095faa0a51a246a6a02fccbb3514eaf"},
    {file = "tomli-2.3.0-cp313-cp313-musllinux_1_2_aarch64.whl", hash = "sha256:a4ea38c40145a357d513bffad0ed869f13c1773716cf71ccaa83b0fa0cc4e42f"},
    {file = "tomli-2.3.0-cp313-cp313-musllinux_1_2_x86_64.whl", hash = "sha256:ad805ea85eda330dbad64c7ea7a4556259665bdf9d2672f5dccc740eb9d3ca05"},
    {file = "tomli-2.3.0-cp313-cp313-win32.whl", hash = "sha256:97d5eec30149fd3294270e889b4234023f2c69747e555a27bd708828353ab606"},
    {file = "tomli-2.3.0-cp313-cp313-win_amd64.whl", hash = "sha256:0c95ca56fbe89e065c6ead5b593ee64b84a26fca063b5d71a1122bf26e533999"},
    {file = "tomli-2.3.0-cp314-cp314-macosx_10_13_x86_64.whl", hash = "sha256:cebc6fe843e0733ee827a282aca4999b596241195f43b4cc371d64fc6639da9e"},
    {file = "tomli-2.3.0-cp314-cp314-macosx_11_0_arm64.whl", hash = "sha256:4c2ef0244c75aba9355561272009d934953817c49f47d768070c3c94355c2aa3"},
    {file = "tomli-2.3.0-cp314-cp314-manylinux2014_aarch64.manylinux_2_17_aarch64.manylinux_2_28_aarch64.whl", hash = "sha256:c22a8bf253bacc0cf11f35ad9808b6cb75ada2631c2d97c971122583b129afbc"},
    {file = "tomli-2.3.0-cp314-cp314-manylinux2014_x86_64.manylinux_2_17_x86_64.manylinux_2_28_x86_64.whl", hash = "sha256:0eea8cc5c5e9f89c9b90c4896a8deefc74f518db5927d0e0e8d4a80953d774d0"},
    {file = "tomli-2.3.0-cp314-cp314-musllinux_1_2_aarch64.whl", hash = "sha256:b74a0e59ec5d15127acdabd75ea17726ac4c5178ae51b85bfe39c4f8a278e879"},
    {file = "tomli-2.3.0-cp314-cp314-musllinux_1_2_x86_64.whl", hash = "sha256:b5870b50c9db823c595983571d1296a6ff3e1b88f734a4c8f6fc6188397de005"},
    {file = "tomli-2.3.0-cp314-cp314-win32.whl", hash = "sha256:feb0dacc61170ed7ab602d3d972a58f14ee3ee60494292d384649a3dc38ef463"},
    {file = "tomli-2.3.0-cp314-cp314-win_amd64.whl", hash = "sha256:b273fcbd7fc64dc3600c098e39136522650c49bca95df2d11cf3b626422392c8"},
    {file = "tomli-2.3.0-cp314-cp314t-macosx_10_13_x86_64.whl", hash = "sha256:940d56ee0410fa17ee1f12b817b37a4d4e4dc4d27340863cc67236c74f582e77"},
    {file = "tomli-2.3.0-cp314-cp314t-macosx_11_0_arm64.whl", hash = "sha256:f85209946d1fe94416debbb88d00eb92ce9cd5266775424ff81bc959e001acaf"},
    {file = "tomli-2.3.0-cp314-cp314t-manylinux2014_aarch64.manylinux_2_17_aarch64.manylinux_2_28_aarch64.whl", hash = "sha256:a56212bdcce682e56b0aaf79e869ba5d15a6163f88d5451cbde388d48b13f530"},
    {file = "tomli-2.3.0-cp314-cp314t-manylinux2014_x86_64.manylinux_2_17_x86_64.manylinux_2_28_x86_64.whl", hash = "sha256:c5f3ffd1e098dfc032d4d3af5c0ac64f6d286d98bc148698356847b80fa4de1b"},
    {file = "tomli-2.3.0-cp314-cp314t-musllinux_1_2_aarch64.whl", hash = "sha256:5e01decd096b1530d97d5d85cb4dff4af2d8347bd35686654a004f8dea20fc67"},
    {file = "tomli-2.3.0-cp314-cp314t-musllinux_1_2_x86_64.whl", hash = "sha256:8a35dd0e643bb2610f156cca8db95d213a90015c11fee76c946aa62b7ae7e02f"},
    {file = "tomli-2.3.0-cp314-cp314t-win32.whl", hash = "sha256:a1f7f282fe248311650081faafa5f4732bdbfef5d45fe3f2e702fbc6f2d496e0"},
    {file = "tomli-2.3.0-cp314-cp314t-win_amd64.whl", hash = "sha256:70a251f8d4ba2d9ac2542eecf008b3c8a9fc5c3f9f02c56a9d7952612be2fdba"},
    {file = "tomli-2.3.0-py3-none-any.whl", hash = "sha256:e95b1af3c5b07d9e643909b5abbec77cd9f1217e6d0bca72b0234736b9fb1f1b"},
    {file = "tomli-2.3.0.tar.gz", hash = "sha256:64be704a875d2a59753d80ee8a533c3fe183e3f06807ff7dc2232938ccb01549"},
]

[[package]]
name = "tree-sitter"
version = "0.25.2"
description = "Python bindings to the Tree-sitter parsing library"
optional = false
python-versions = ">=3.10"
groups = ["main"]
files = [
    {file = "tree-sitter-0.25.2.tar.gz", hash = "sha256:fe43c158555da46723b28b52e058ad444195afd1db3ca7720c59a254544e9c20"},
    {file = "tree_sitter-0.25.2-cp310-cp310-macosx_10_9_x86_64.whl", hash = "sha256:72a510931c3c25f134aac2daf4eb4feca99ffe37a35896d7150e50ac3eee06c7"},
    {file = "tree_sitter-0.25.2-cp310-cp310-macosx_11_0_arm64.whl", hash = "sha256:44488e0e78146f87baaa009736886516779253d6d6bac3ef636ede72bc6a8234"},
    {file = "tree_sitter-0.25.2-cp310-cp310-manylinux2014_aarch64.manylinux_2_17_aarch64.manylinux_2_28_aarch64.whl", hash = "sha256:c2f8e7d6b2f8489d4a9885e3adcaef4bc5ff0a275acd990f120e29c4ab3395c5"},
    {file = "tree_sitter-0.25.2-cp310-cp310-manylinux2014_x86_64.manylinux_2_17_x86_64.manylinux_2_28_x86_64.whl", hash = "sha256:20b570690f87f1da424cd690e51cc56728d21d63f4abd4b326d382a30353acc7"},
    {file = "tree_sitter-0.25.2-cp310-cp310-musllinux_1_2_x86_64.whl", hash = "sha256:a0ec41b895da717bc218a42a3a7a0bfcfe9a213d7afaa4255353901e0e21f696"},
    {file = "tree_sitter-0.25.2-cp310-cp310-win_amd64.whl", hash = "sha256:7712335855b2307a21ae86efe949c76be36c6068d76df34faa27ce9ee40ff444"},
    {file = "tree_sitter-0.25.2-cp310-cp310-win_arm64.whl", hash = "sha256:a925364eb7fbb9cdce55a9868f7525a1905af512a559303bd54ef468fd88cb37"},
    {file = "tree_sitter-0.25.2-cp311-cp311-macosx_10_9_x86_64.whl", hash = "sha256:b8ca72d841215b6573ed0655b3a5cd1133f9b69a6fa561aecad40dca9029d75b"},
    {file = "tree_sitter-0.25.2-cp311-cp311-macosx_11_0_arm64.whl", hash = "sha256:cc0351cfe5022cec5a77645f647f92a936b38850346ed3f6d6babfbeeeca4d26"},
    {file = "tree_sitter-0.25.2-cp311-cp311-manylinux2014_aarch64.manylinux_2_17_aarch64.manylinux_2_28_aarch64.whl", hash = "sha256:1799609636c0193e16c38f366bda5af15b1ce476df79ddaae7dd274df9e44266"},
    {file = "tree_sitter-0.25.2-cp311-cp311-manylinux2014_x86_64.manylinux_2_17_x86_64.manylinux_2_28_x86_64.whl", hash = "sha256:3e65ae456ad0d210ee71a89ee112ac7e72e6c2e5aac1b95846ecc7afa68a194c"},
    {file = "tree_sitter-0.25.2-cp311-cp311-musllinux_1_2_x86_64.whl", hash = "sha256:49ee3c348caa459244ec437ccc7ff3831f35977d143f65311572b8ba0a5f265f"},
    {file = "tree_sitter-0.25.2-cp311-cp311-win_amd64.whl", hash = "sha256:56ac6602c7d09c2c507c55e58dc7026b8988e0475bd0002f8a386cce5e8e8adc"},
    {file = "tree_sitter-0.25.2-cp311-cp311-win_arm64.whl", hash = "sha256:b3d11a3a3ac89bb8a2543d75597f905a9926f9c806f40fcca8242922d1cc6ad5"},
    {file = "tree_sitter-0.25.2-cp312-cp312-macosx_10_13_x86_64.whl", hash = "sha256:ddabfff809ffc983fc9963455ba1cecc90295803e06e140a4c83e94c1fa3d960"},
    {file = "tree_sitter-0.25.2-cp312-cp312-macosx_11_0_arm64.whl", hash = "sha256:c0c0ab5f94938a23fe81928a21cc0fac44143133ccc4eb7eeb1b92f84748331c"},
    {file = "tree_sitter-0.25.2-cp312-cp312-manylinux2014_aarch64.manylinux_2_17_aarch64.manylinux_2_28_aarch64.whl", hash = "sha256:dd12d80d91d4114ca097626eb82714618dcdfacd6a5e0955216c6485c350ef99"},
    {file = "tree_sitter-0.25.2-cp312-cp312-manylinux2014_x86_64.manylinux_2_17_x86_64.manylinux_2_28_x86_64.whl", hash = "sha256:b43a9e4c89d4d0839de27cd4d6902d33396de700e9ff4c5ab7631f277a85ead9"},
    {file = "tree_sitter-0.25.2-cp312-cp312-musllinux_1_2_x86_64.whl", hash = "sha256:fbb1706407c0e451c4f8cc016fec27d72d4b211fdd3173320b1ada7a6c74c3ac"},
    {file = "tree_sitter-0.25.2-cp312-cp312-win_amd64.whl", hash = "sha256:6d0302550bbe4620a5dc7649517c4409d74ef18558276ce758419cf09e578897"},
    {file = "tree_sitter-0.25.2-cp312-cp312-win_arm64.whl", hash = "sha256:0c8b6682cac77e37cfe5cf7ec388844957f48b7bd8d6321d0ca2d852994e10d5"},
    {file = "tree_sitter-0.25.2-cp313-cp313-macosx_10_13_x86_64.whl", hash = "sha256:0628671f0de69bb279558ef6b640bcfc97864fe0026d840f872728a86cd6b6cd"},
    {file = "tree_sitter-0.25.2-cp313-cp313-macosx_11_0_arm64.whl", hash = "sha256:f5ddcd3e291a749b62521f71fc953f66f5fd9743973fd6dd962b092773569601"},
    {file = "tree_sitter-0.25.2-cp313-cp313-manylinux2014_aarch64.manylinux_2_17_aarch64.manylinux_2_28_aarch64.whl", hash = "sha256:bd88fbb0f6c3a0f28f0a68d72df88e9755cf5215bae146f5a1bdc8362b772053"},
    {file = "tree_sitter-0.25.2-cp313-cp313-manylinux2014_x86_64.manylinux_2_17_x86_64.manylinux_2_28_x86_64.whl", hash = "sha256:b878e296e63661c8e124177cc3084b041ba3f5936b43076d57c487822426f614"},
    {file = "tree_sitter-0.25.2-cp313-cp313-musllinux_1_2_x86_64.whl", hash = "sha256:d77605e0d353ba3fe5627e5490f0fbfe44141bafa4478d88ef7954a61a848dae"},
    {file = "tree_sitter-0.25.2-cp313-cp313-win_amd64.whl", hash = "sha256:463c032bd02052d934daa5f45d183e0521ceb783c2548501cf034b0beba92c9b"},
    {file = "tree_sitter-0.25.2-cp313-cp313-win_arm64.whl", hash = "sha256:b3f63a1796886249bd22c559a5944d64d05d43f2be72961624278eff0dcc5cb8"},
    {file = "tree_sitter-0.25.2-cp314-cp314-macosx_10_13_x86_64.whl", hash = "sha256:65d3c931013ea798b502782acab986bbf47ba2c452610ab0776cf4a8ef150fc0"},
    {file = "tree_sitter-0.25.2-cp314-cp314-macosx_11_0_arm64.whl", hash = "sha256:bda059af9d621918efb813b22fb06b3fe00c3e94079c6143fcb2c565eb44cb87"},
    {file = "tree_sitter-0.25.2-cp314-cp314-manylinux2014_aarch64.manylinux_2_17_aarch64.manylinux_2_28_aarch64.whl", hash = "sha256:eac4e8e4c7060c75f395feec46421eb61212cb73998dbe004b7384724f3682ab"},
    {file = "tree_sitter-0.25.2-cp314-cp314-manylinux2014_x86_64.manylinux_2_17_x86_64.manylinux_2_28_x86_64.whl", hash = "sha256:260586381b23be33b6191a07cea3d44ecbd6c01aa4c6b027a0439145fcbc3358"},
    {file = "tree_sitter-0.25.2-cp314-cp314-musllinux_1_2_x86_64.whl", hash = "sha256:7d2ee1acbacebe50ba0f85fff1bc05e65d877958f00880f49f9b2af38dce1af0"},
    {file = "tree_sitter-0.25.2-cp314-cp314-win_amd64.whl", hash = "sha256:4973b718fcadfb04e59e746abfbb0288694159c6aeecd2add59320c03368c721"},
    {file = "tree_sitter-0.25.2-cp314-cp314-win_arm64.whl", hash = "sha256:b8d4429954a3beb3e844e2872610d2a4800ba4eb42bb1990c6a4b1949b18459f"},
]

[package.extras]
docs = ["sphinx (>=8.1,<9.0)", "sphinx-book-theme"]
tests = ["tree-sitter-html (>=0.23.2)", "tree-sitter-javascript (>=0.23.1)", "tree-sitter-json (>=0.24.8)", "tree-sitter-python (>=0.23.6)", "tree-sitter-rust (>=0.23.2)"]

[[package]]
name = "tree-sitter-epics-db"
version = "0.2.0"
description = "tree-sitter grammar for EPICS' database and database definition files"
optional = false
python-versions = ">=3.10"
groups = ["main"]
files = [
    {file = "tree_sitter_epics_db-0.2.0-cp310-abi3-macosx_10_9_x86_64.whl", hash = "sha256:17b52ea1871c4521854757549f5ff130591cf2ec8797f1bb9556e8ee04575a97"},
    {file = "tree_sitter_epics_db-0.2.0-cp310-abi3-macosx_11_0_arm64.whl", hash = "sha256:b34298d16c7f0a5e2c017c6b8218de6ed8fe52461ba4dc100ac48a986b3153d2"},
    {file = "tree_sitter_epics_db-0.2.0-cp310-abi3-manylinux1_x86_64.manylinux_2_28_x86_64.manylinux_2_5_x86_64.whl", hash = "sha256:118a2c582603a1511f35b59f635db8b4699827a29a8f4de63383422d3a6c0541"},
    {file = "tree_sitter_epics_db-0.2.0-cp310-abi3-manylinux2014_aarch64.manylinux_2_17_aarch64.manylinux_2_28_aarch64.whl", hash = "sha256:26897e8d1587c0c4a4f0734fdcfbe35b524b8ba5e74dd63e4a2c52aac8f5bd81"},
    {file = "tree_sitter_epics_db-0.2.0-cp310-abi3-musllinux_1_2_aarch64.whl", hash = "sha256:1e007c2e830dddf7892aac847c8eae9ae2245eb787fca4a4d07c9c7a2eba38e0"},
    {file = "tree_sitter_epics_db-0.2.0-cp310-abi3-musllinux_1_2_x86_64.whl", hash = "sha256:e7996747bf7b75bf877016662d371fb91585896865048fb3bfa83e567de7dfb9"},
    {file = "tree_sitter_epics_db-0.2.0-cp310-abi3-win_amd64.whl", hash = "sha256:4799c16c8586a0ce71d783c6f8d768ed234c4c42a4673770695a94dd6354a59e"},
    {file = "tree_sitter_epics_db-0.2.0-cp310-abi3-win_arm64.whl", hash = "sha256:ec0259d780cba2c12f0cd0f8d36d25c5e96efaa63eff735aabe82962f96767dc"},
    {file = "tree_sitter_epics_db-0.2.0.tar.gz", hash = "sha256:9dba6f371daa8a5dfaee99cb6097b8073cd8be77869a2f4f3c4582bbb9f9cc5e"},
]

[package.extras]
core = ["tree-sitter (>=0.25,<1.0)"]

[[package]]
name = "typing-extensions"
version = "4.15.0"
description = "Backported and Experimental Type Hints for Python 3.9+"
optional = false
python-versions = ">=3.9"
groups = ["main"]
markers = "python_version == \"3.10\""
files = [
    {file = "typing_extensions-4.15.0-py3-none-any.whl", hash = "sha256:f0fa19c6845758ab08074a0cfa8b7aecb71c999ca73d62883bc25cc018c4e548"},
    {file = "typing_extensions-4.15.0.tar.gz", hash = "sha256:0cea48d173cc12fa28ecabc3b837ea3cf6f38c6d1136f85cbaaf598984861466"},
]

[metadata]
lock-version = "2.1"
python-versions = "^3.10"
content-hash = "86fe79c540b5eda448d1218c8e9665aea12c34b8401232a0de240c276f7c6801"
